{
  "name": "@mason/custom-elements-languageserver",
  "version": "1.0.0",
  "lockfileVersion": 3,
  "requires": true,
  "packages": {
    "": {
      "name": "@mason/custom-elements-languageserver",
      "version": "1.0.0",
      "license": "ISC",
      "dependencies": {
        "custom-elements-languageserver": "^0.0.8"
      }
    },
    "node_modules/custom-elements-languageserver": {
      "version": "0.0.8",
      "resolved": "https://registry.npmjs.org/custom-elements-languageserver/-/custom-elements-languageserver-0.0.8.tgz",
      "integrity": "sha512-tiDiTMbFSKobcxBdGBlhOa5l6nFD61CpJETOG2McZKVDUuZEOpeCawOFLR2aR9THK2qzv9FP3kZxwaWkJOWKsw==",
      "bin": {
        "custom-elements-languageserver": "bin/custom-elements-languageserver.js"
      },
      "engines": {
        "node": "*"
      }
    }
  }
}
